{
    "version": 3,
    "terraform_version": "0.11.5",
    "serial": 9,
    "lineage": "e233c6d2-5cf5-c5f8-0279-36ad4b7cd7a1",
    "modules": [
        {
            "path": [
                "root"
            ],
            "outputs": {},
            "resources": {
                "docker_container.foo": {
                    "type": "docker_container",
                    "depends_on": [
                        "docker_image.image_id2"
                    ],
                    "primary": {
                        "id": "616cb4eb5d8d9de849c947b9ba0a00927afbb18399fc902f1881254b01fcb8b8",
                        "attributes": {
                            "attach": "false",
                            "bridge": "",
                            "gateway": "172.17.0.1",
                            "id": "616cb4eb5d8d9de849c947b9ba0a00927afbb18399fc902f1881254b01fcb8b8",
                            "image": "sha256:e81eb098537d6c4a75438eacc6a2ed94af74ca168076f719f3a0558bd24d646a",
                            "ip_address": "172.17.0.2",
                            "ip_prefix_length": "16",
                            "log_driver": "json-file",
                            "logs": "false",
                            "must_run": "true",
                            "name": "foo",
                            "network_data.#": "1",
                            "network_data.0.gateway": "172.17.0.1",
                            "network_data.0.ip_address": "172.17.0.2",
                            "network_data.0.ip_prefix_length": "16",
                            "network_data.0.network_name": "bridge",
                            "ports.#": "0",
                            "restart": "no",
                            "rm": "false",
                            "start": "true"
                        },
                        "meta": {},
                        "tainted": false
                    },
                    "deposed": [],
                    "provider": "provider.docker"
                },
                "docker_container.ubuntu": {
                    "type": "docker_container",
                    "depends_on": [
                        "docker_image.image_id3"
                    ],
                    "primary": {
                        "id": "c348f72a39f15a3a7fc029b92deeb44d0ebb92c3bc8a7175b56de99d738dfd54",
                        "attributes": {
                            "attach": "false",
                            "bridge": "",
                            "command.#": "2",
                            "command.0": "sleep",
                            "command.1": "300",
                            "gateway": "172.17.0.1",
                            "id": "c348f72a39f15a3a7fc029b92deeb44d0ebb92c3bc8a7175b56de99d738dfd54",
                            "image": "sha256:93fd78260bd1495afb484371928661f63e64be306b7ac48e2d13ce9422dfee26",
                            "ip_address": "172.17.0.3",
                            "ip_prefix_length": "16",
                            "log_driver": "json-file",
                            "logs": "false",
                            "must_run": "true",
                            "name": "ubuntu",
                            "network_data.#": "1",
                            "network_data.0.gateway": "172.17.0.1",
                            "network_data.0.ip_address": "172.17.0.3",
                            "network_data.0.ip_prefix_length": "16",
                            "network_data.0.network_name": "bridge",
                            "ports.#": "0",
                            "restart": "no",
                            "rm": "false",
                            "start": "true"
                        },
                        "meta": {},
                        "tainted": false
                    },
                    "deposed": [],
                    "provider": "provider.docker"
                },
                "docker_image.image_id": {
                    "type": "docker_image",
                    "depends_on": [],
                    "primary": {
                        "id": "sha256:31a184261f16fda54ef92c53f985aa8924b3647ef22039e022c5c386bc8898dcghost:latest",
                        "attributes": {
                            "id": "sha256:31a184261f16fda54ef92c53f985aa8924b3647ef22039e022c5c386bc8898dcghost:latest",
                            "latest": "sha256:31a184261f16fda54ef92c53f985aa8924b3647ef22039e022c5c386bc8898dc",
                            "name": "ghost:latest"
                        },
                        "meta": {},
                        "tainted": false
                    },
                    "deposed": [],
                    "provider": "provider.docker"
                },
                "docker_image.image_id2": {
                    "type": "docker_image",
                    "depends_on": [],
                    "primary": {
                        "id": "sha256:e81eb098537d6c4a75438eacc6a2ed94af74ca168076f719f3a0558bd24d646anginx:latest",
                        "attributes": {
                            "id": "sha256:e81eb098537d6c4a75438eacc6a2ed94af74ca168076f719f3a0558bd24d646anginx:latest",
                            "latest": "sha256:e81eb098537d6c4a75438eacc6a2ed94af74ca168076f719f3a0558bd24d646a",
                            "name": "nginx:latest"
                        },
                        "meta": {},
                        "tainted": false
                    },
                    "deposed": [],
                    "provider": "provider.docker"
                },
                "docker_image.image_id3": {
                    "type": "docker_image",
                    "depends_on": [],
                    "primary": {
                        "id": "sha256:93fd78260bd1495afb484371928661f63e64be306b7ac48e2d13ce9422dfee26ubuntu:latest",
                        "attributes": {
                            "id": "sha256:93fd78260bd1495afb484371928661f63e64be306b7ac48e2d13ce9422dfee26ubuntu:latest",
                            "latest": "sha256:93fd78260bd1495afb484371928661f63e64be306b7ac48e2d13ce9422dfee26",
                            "name": "ubuntu:latest"
                        },
                        "meta": {},
                        "tainted": false
                    },
                    "deposed": [],
                    "provider": "provider.docker"
                }
            },
            "depends_on": []
        }
    ]
}
